
Microsoft Visual Studio Solution File, Format Version 12.00
# Visual Studio 2013
VisualStudioVersion = 12.0.21005.1
MinimumVisualStudioVersion = 10.0.40219.1
Project("{2150E333-8FDC-42A3-9474-1A3956D46DE8}") = "0-Presentation", "0-Presentation", "{361AE469-DDCE-412B-AF56-7D9CB2339C9B}"
EndProject
Project("{2150E333-8FDC-42A3-9474-1A3956D46DE8}") = "1-Service", "1-Service", "{D5438332-C495-49F3-9A7D-730AF1A91ECE}"
EndProject
Project("{2150E333-8FDC-42A3-9474-1A3956D46DE8}") = "2-Application", "2-Application", "{351F4B12-E0FC-4F90-ACAB-43FAE18F2E07}"
EndProject
Project("{2150E333-8FDC-42A3-9474-1A3956D46DE8}") = "3-Domain", "3-Domain", "{D58D1EBE-D3AB-41F8-B69C-AE7526BD44B2}"
EndProject
Project("{2150E333-8FDC-42A3-9474-1A3956D46DE8}") = "4-Infra", "4-Infra", "{CEBB9EBE-179E-4D12-8976-CAA003FC8F36}"
EndProject
Project("{2150E333-8FDC-42A3-9474-1A3956D46DE8}") = "4.1-Data", "4.1-Data", "{83B4F322-880A-4837-A2DC-884116C227E7}"
EndProject
Project("{2150E333-8FDC-42A3-9474-1A3956D46DE8}") = "4.2-CrosCuting", "4.2-CrosCuting", "{062D611D-15F5-4303-9F18-C349741FE7A1}"
EndProject
Project("{2150E333-8FDC-42A3-9474-1A3956D46DE8}") = "5-Helpers", "5-Helpers", "{DBC138AE-772C-48F1-B9A9-A7AE6EBC7EC2}"
EndProject
Project("{FAE04EC0-301F-11D3-BF4B-00C04F79EFBC}") = "ProjetoMaster.Infra.Data", "ProjetoMaster.Infra.Data\ProjetoMaster.Infra.Data.csproj", "{C82BA2AE-DBE0-431F-B637-68FAACCF2E6C}"
EndProject
Project("{FAE04EC0-301F-11D3-BF4B-00C04F79EFBC}") = "ProjetoMaster.Application", "ProjetoMaster.Application\ProjetoMaster.Application.csproj", "{3B339E5D-92F7-4CF8-A5FD-182080B081F7}"
EndProject
Project("{FAE04EC0-301F-11D3-BF4B-00C04F79EFBC}") = "ProjetoMaster.Domain", "ProjetoMaster.Domain\ProjetoMaster.Domain.csproj", "{E386108B-367C-48BB-B5BD-666293A4E3FE}"
EndProject
Project("{FAE04EC0-301F-11D3-BF4B-00C04F79EFBC}") = "ProjetoMaster.MVC", "ProjetoMaster.MVC\ProjetoMaster.MVC.csproj", "{40D5A751-9DF8-4736-8404-613561D17FBD}"
EndProject
Project("{FAE04EC0-301F-11D3-BF4B-00C04F79EFBC}") = "RodarBaseDados", "RodarBaseDados\RodarBaseDados.csproj", "{080AB426-2771-4574-8001-3D033195A5F5}"
EndProject
Project("{FAE04EC0-301F-11D3-BF4B-00C04F79EFBC}") = "EncriptarDecriptar", "EncriptarDecriptar\EncriptarDecriptar.csproj", "{C17A3D93-C0D2-477A-B90D-F70361A0B8E8}"
EndProject
Project("{FAE04EC0-301F-11D3-BF4B-00C04F79EFBC}") = "ProjetoMaster.Infra.CrossCuting", "ProjetoMaster.Infra.CrossCuting\ProjetoMaster.Infra.CrossCuting.csproj", "{08847109-2507-4537-9E7D-C09379FC3626}"
EndProject
Project("{2150E333-8FDC-42A3-9474-1A3956D46DE8}") = "1.1-WCF", "1.1-WCF", "{9C95BDCD-38F5-4A25-A7A1-9C61D64934DD}"
EndProject
Project("{2150E333-8FDC-42A3-9474-1A3956D46DE8}") = "1.2-WebService", "1.2-WebService", "{EAE8ED90-68DE-48EB-ADA1-32344BE258FC}"
EndProject
Project("{2150E333-8FDC-42A3-9474-1A3956D46DE8}") = "1.3-WebApi", "1.3-WebApi", "{813552FB-8D88-4FDC-AF73-2E7C968BB061}"
EndProject
Project("{FAE04EC0-301F-11D3-BF4B-00C04F79EFBC}") = "ProjetoMaster.Service.DadosPulseiraApi", "ProjetoMaster.Service.DadosPulseiraApi\ProjetoMaster.Service.DadosPulseiraApi.csproj", "{1B09D42E-2D10-4E8A-BDDA-A983422A48D2}"
EndProject
Global
	GlobalSection(TeamFoundationVersionControl) = preSolution
		SccNumberOfProjects = 9
		SccEnterpriseProvider = {4CA58AB2-18FA-4F8D-95D4-32DDF27D184C}
		SccTeamFoundationServer = https://projetoamfiap.visualstudio.com/
		SccLocalPath0 = .
		SccProjectUniqueName1 = EncriptarDecriptar\\EncriptarDecriptar.csproj
		SccProjectTopLevelParentUniqueName1 = ProjetoMaster.sln
		SccProjectName1 = EncriptarDecriptar
		SccLocalPath1 = EncriptarDecriptar
		SccProjectUniqueName2 = ProjetoMaster.Application\\ProjetoMaster.Application.csproj
		SccProjectTopLevelParentUniqueName2 = ProjetoMaster.sln
		SccProjectName2 = ProjetoMaster.Application
		SccLocalPath2 = ProjetoMaster.Application
		SccProjectUniqueName3 = ProjetoMaster.Domain\\ProjetoMaster.Domain.csproj
		SccProjectTopLevelParentUniqueName3 = ProjetoMaster.sln
		SccProjectName3 = ProjetoMaster.Domain
		SccLocalPath3 = ProjetoMaster.Domain
		SccProjectUniqueName4 = ProjetoMaster.Infra.CrossCuting\\ProjetoMaster.Infra.CrossCuting.csproj
		SccProjectTopLevelParentUniqueName4 = ProjetoMaster.sln
		SccProjectName4 = ProjetoMaster.Infra.CrossCuting
		SccLocalPath4 = ProjetoMaster.Infra.CrossCuting
		SccProjectUniqueName5 = ProjetoMaster.Infra.Data\\ProjetoMaster.Infra.Data.csproj
		SccProjectTopLevelParentUniqueName5 = ProjetoMaster.sln
		SccProjectName5 = ProjetoMaster.Infra.Data
		SccLocalPath5 = ProjetoMaster.Infra.Data
		SccProjectUniqueName6 = ProjetoMaster.MVC\\ProjetoMaster.MVC.csproj
		SccProjectTopLevelParentUniqueName6 = ProjetoMaster.sln
		SccProjectName6 = ProjetoMaster.MVC
		SccLocalPath6 = ProjetoMaster.MVC
		SccProjectUniqueName7 = ProjetoMaster.Service.DadosPulseiraApi\\ProjetoMaster.Service.DadosPulseiraApi.csproj
		SccProjectTopLevelParentUniqueName7 = ProjetoMaster.sln
		SccProjectName7 = ProjetoMaster.Service.DadosPulseiraApi
		SccLocalPath7 = ProjetoMaster.Service.DadosPulseiraApi
		SccProjectUniqueName8 = RodarBaseDados\\RodarBaseDados.csproj
		SccProjectTopLevelParentUniqueName8 = ProjetoMaster.sln
		SccProjectName8 = RodarBaseDados
		SccLocalPath8 = RodarBaseDados
	EndGlobalSection
	GlobalSection(SolutionConfigurationPlatforms) = preSolution
		Debug|Any CPU = Debug|Any CPU
		Release|Any CPU = Release|Any CPU
	EndGlobalSection
	GlobalSection(ProjectConfigurationPlatforms) = postSolution
		{C82BA2AE-DBE0-431F-B637-68FAACCF2E6C}.Debug|Any CPU.ActiveCfg = Debug|Any CPU
		{C82BA2AE-DBE0-431F-B637-68FAACCF2E6C}.Debug|Any CPU.Build.0 = Debug|Any CPU
		{C82BA2AE-DBE0-431F-B637-68FAACCF2E6C}.Release|Any CPU.ActiveCfg = Release|Any CPU
		{C82BA2AE-DBE0-431F-B637-68FAACCF2E6C}.Release|Any CPU.Build.0 = Release|Any CPU
		{3B339E5D-92F7-4CF8-A5FD-182080B081F7}.Debug|Any CPU.ActiveCfg = Debug|Any CPU
		{3B339E5D-92F7-4CF8-A5FD-182080B081F7}.Debug|Any CPU.Build.0 = Debug|Any CPU
		{3B339E5D-92F7-4CF8-A5FD-182080B081F7}.Release|Any CPU.ActiveCfg = Release|Any CPU
		{3B339E5D-92F7-4CF8-A5FD-182080B081F7}.Release|Any CPU.Build.0 = Release|Any CPU
		{E386108B-367C-48BB-B5BD-666293A4E3FE}.Debug|Any CPU.ActiveCfg = Debug|Any CPU
		{E386108B-367C-48BB-B5BD-666293A4E3FE}.Debug|Any CPU.Build.0 = Debug|Any CPU
		{E386108B-367C-48BB-B5BD-666293A4E3FE}.Release|Any CPU.ActiveCfg = Release|Any CPU
		{E386108B-367C-48BB-B5BD-666293A4E3FE}.Release|Any CPU.Build.0 = Release|Any CPU
		{40D5A751-9DF8-4736-8404-613561D17FBD}.Debug|Any CPU.ActiveCfg = Debug|Any CPU
		{40D5A751-9DF8-4736-8404-613561D17FBD}.Debug|Any CPU.Build.0 = Debug|Any CPU
		{40D5A751-9DF8-4736-8404-613561D17FBD}.Release|Any CPU.ActiveCfg = Release|Any CPU
		{40D5A751-9DF8-4736-8404-613561D17FBD}.Release|Any CPU.Build.0 = Release|Any CPU
		{080AB426-2771-4574-8001-3D033195A5F5}.Debug|Any CPU.ActiveCfg = Debug|Any CPU
		{080AB426-2771-4574-8001-3D033195A5F5}.Debug|Any CPU.Build.0 = Debug|Any CPU
		{080AB426-2771-4574-8001-3D033195A5F5}.Release|Any CPU.ActiveCfg = Release|Any CPU
		{080AB426-2771-4574-8001-3D033195A5F5}.Release|Any CPU.Build.0 = Release|Any CPU
		{C17A3D93-C0D2-477A-B90D-F70361A0B8E8}.Debug|Any CPU.ActiveCfg = Debug|Any CPU
		{C17A3D93-C0D2-477A-B90D-F70361A0B8E8}.Debug|Any CPU.Build.0 = Debug|Any CPU
		{C17A3D93-C0D2-477A-B90D-F70361A0B8E8}.Release|Any CPU.ActiveCfg = Release|Any CPU
		{C17A3D93-C0D2-477A-B90D-F70361A0B8E8}.Release|Any CPU.Build.0 = Release|Any CPU
		{08847109-2507-4537-9E7D-C09379FC3626}.Debug|Any CPU.ActiveCfg = Debug|Any CPU
		{08847109-2507-4537-9E7D-C09379FC3626}.Debug|Any CPU.Build.0 = Debug|Any CPU
		{08847109-2507-4537-9E7D-C09379FC3626}.Release|Any CPU.ActiveCfg = Release|Any CPU
		{08847109-2507-4537-9E7D-C09379FC3626}.Release|Any CPU.Build.0 = Release|Any CPU
		{1B09D42E-2D10-4E8A-BDDA-A983422A48D2}.Debug|Any CPU.ActiveCfg = Debug|Any CPU
		{1B09D42E-2D10-4E8A-BDDA-A983422A48D2}.Debug|Any CPU.Build.0 = Debug|Any CPU
		{1B09D42E-2D10-4E8A-BDDA-A983422A48D2}.Release|Any CPU.ActiveCfg = Release|Any CPU
		{1B09D42E-2D10-4E8A-BDDA-A983422A48D2}.Release|Any CPU.Build.0 = Release|Any CPU
	EndGlobalSection
	GlobalSection(SolutionProperties) = preSolution
		HideSolutionNode = FALSE
	EndGlobalSection
	GlobalSection(NestedProjects) = preSolution
		{40D5A751-9DF8-4736-8404-613561D17FBD} = {361AE469-DDCE-412B-AF56-7D9CB2339C9B}
		{9C95BDCD-38F5-4A25-A7A1-9C61D64934DD} = {D5438332-C495-49F3-9A7D-730AF1A91ECE}
		{EAE8ED90-68DE-48EB-ADA1-32344BE258FC} = {D5438332-C495-49F3-9A7D-730AF1A91ECE}
		{813552FB-8D88-4FDC-AF73-2E7C968BB061} = {D5438332-C495-49F3-9A7D-730AF1A91ECE}
		{3B339E5D-92F7-4CF8-A5FD-182080B081F7} = {351F4B12-E0FC-4F90-ACAB-43FAE18F2E07}
		{E386108B-367C-48BB-B5BD-666293A4E3FE} = {D58D1EBE-D3AB-41F8-B69C-AE7526BD44B2}
		{83B4F322-880A-4837-A2DC-884116C227E7} = {CEBB9EBE-179E-4D12-8976-CAA003FC8F36}
		{062D611D-15F5-4303-9F18-C349741FE7A1} = {CEBB9EBE-179E-4D12-8976-CAA003FC8F36}
		{C82BA2AE-DBE0-431F-B637-68FAACCF2E6C} = {83B4F322-880A-4837-A2DC-884116C227E7}
		{08847109-2507-4537-9E7D-C09379FC3626} = {062D611D-15F5-4303-9F18-C349741FE7A1}
		{080AB426-2771-4574-8001-3D033195A5F5} = {DBC138AE-772C-48F1-B9A9-A7AE6EBC7EC2}
		{C17A3D93-C0D2-477A-B90D-F70361A0B8E8} = {DBC138AE-772C-48F1-B9A9-A7AE6EBC7EC2}
		{1B09D42E-2D10-4E8A-BDDA-A983422A48D2} = {813552FB-8D88-4FDC-AF73-2E7C968BB061}
	EndGlobalSection
EndGlobal
